// !$*UTF8*$!
{
	archiveVersion = 1;
	classes = {
	};
	objectVersion = 50;
	objects = {

/* Begin PBXBuildFile section */
		62F3F96D248A7F21001FD4C8 /* AppDelegate.swift in Sources */ = {isa = PBXBuildFile; fileRef = 62F3F96C248A7F21001FD4C8 /* AppDelegate.swift */; };
		62F3F96F248A7F21001FD4C8 /* SceneDelegate.swift in Sources */ = {isa = PBXBuildFile; fileRef = 62F3F96E248A7F21001FD4C8 /* SceneDelegate.swift */; };
		62F3F971248A7F21001FD4C8 /* MapViewController.swift in Sources */ = {isa = PBXBuildFile; fileRef = 62F3F970248A7F21001FD4C8 /* MapViewController.swift */; };
		62F3F974248A7F21001FD4C8 /* Main.storyboard in Resources */ = {isa = PBXBuildFile; fileRef = 62F3F972248A7F21001FD4C8 /* Main.storyboard */; };
		62F3F976248A7F23001FD4C8 /* Assets.xcassets in Resources */ = {isa = PBXBuildFile; fileRef = 62F3F975248A7F23001FD4C8 /* Assets.xcassets */; };
		62F3F979248A7F23001FD4C8 /* LaunchScreen.storyboard in Resources */ = {isa = PBXBuildFile; fileRef = 62F3F977248A7F23001FD4C8 /* LaunchScreen.storyboard */; };
/* End PBXBuildFile section */

/* Begin PBXFileReference section */
		62F3F969248A7F21001FD4C8 /* ExamIOSLocationTracker.app */ = {isa = PBXFileReference; explicitFileType = wrapper.application; includeInIndex = 0; path = ExamIOSLocationTracker.app; sourceTree = BUILT_PRODUCTS_DIR; };
		62F3F96C248A7F21001FD4C8 /* AppDelegate.swift */ = {isa = PBXFileReference; lastKnownFileType = sourcecode.swift; path = AppDelegate.swift; sourceTree = "<group>"; };
		62F3F96E248A7F21001FD4C8 /* SceneDelegate.swift */ = {isa = PBXFileReference; lastKnownFileType = sourcecode.swift; path = SceneDelegate.swift; sourceTree = "<group>"; };
		62F3F970248A7F21001FD4C8 /* MapViewController.swift */ = {isa = PBXFileReference; lastKnownFileType = sourcecode.swift; path = MapViewController.swift; sourceTree = "<group>"; };
		62F3F973248A7F21001FD4C8 /* Base */ = {isa = PBXFileReference; lastKnownFileType = file.storyboard; name = Base; path = Base.lproj/Main.storyboard; sourceTree = "<group>"; };
		62F3F975248A7F23001FD4C8 /* Assets.xcassets */ = {isa = PBXFileReference; lastKnownFileType = folder.assetcatalog; path = Assets.xcassets; sourceTree = "<group>"; };
		62F3F978248A7F23001FD4C8 /* Base */ = {isa = PBXFileReference; lastKnownFileType = file.storyboard; name = Base; path = Base.lproj/LaunchScreen.storyboard; sourceTree = "<group>"; };
		62F3F97A248A7F23001FD4C8 /* Info.plist */ = {isa = PBXFileReference; lastKnownFileType = text.plist.xml; path = Info.plist; sourceTree = "<group>"; };
/* End PBXFileReference section */

/* Begin PBXFrameworksBuildPhase section */
		62F3F966248A7F21001FD4C8 /* Frameworks */ = {
			isa = PBXFrameworksBuildPhase;
			buildActionMask = 2147483647;
			files = (
			);
			runOnlyForDeploymentPostprocessing = 0;
		};
/* End PBXFrameworksBuildPhase section */

/* Begin PBXGroup section */
		62F3F960248A7F21001FD4C8 = {
			isa = PBXGroup;
			children = (
				62F3F96B248A7F21001FD4C8 /* ExamIOSLocationTracker */,
				62F3F96A248A7F21001FD4C8 /* Products */,
			);
			sourceTree = "<group>";
		};
		62F3F96A248A7F21001FD4C8 /* Products */ = {
			isa = PBXGroup;
			children = (
				62F3F969248A7F21001FD4C8 /* ExamIOSLocationTracker.app */,
			);
			name = Products;
			sourceTree = "<group>";
		};
		62F3F96B248A7F21001FD4C8 /* ExamIOSLocationTracker */ = {
			isa = PBXGroup;
			children = (
				62F3F96C248A7F21001FD4C8 /* AppDelegate.swift */,
				62F3F96E248A7F21001FD4C8 /* SceneDelegate.swift */,
				62F3F970248A7F21001FD4C8 /* MapViewController.swift */,
				62F3F972248A7F21001FD4C8 /* Main.storyboard */,
				62F3F975248A7F23001FD4C8 /* Assets.xcassets */,
				62F3F977248A7F23001FD4C8 /* LaunchScreen.storyboard */,
				62F3F97A248A7F23001FD4C8 /* Info.plist */,
			);
			path = ExamIOSLocationTracker;
			sourceTree = "<group>";
		};
/* End PBXGroup section */

/* Begin PBXNativeTarget section */
		62F3F968248A7F21001FD4C8 /* ExamIOSLocationTracker */ = {
			isa = PBXNativeTarget;
			buildConfigurationList = 62F3F97D248A7F23001FD4C8 /* Build configuration list for PBXNativeTarget "ExamIOSLocationTracker" */;
			buildPhases = (
				62F3F965248A7F21001FD4C8 /* Sources */,
				62F3F966248A7F21001FD4C8 /* Frameworks */,
				62F3F967248A7F21001FD4C8 /* Resources */,
			);
			buildRules = (
			);
			dependencies = (
			);
			name = ExamIOSLocationTracker;
			productName = ExamIOSLocationTracker;
			productReference = 62F3F969248A7F21001FD4C8 /* ExamIOSLocationTracker.app */;
			productType = "com.apple.product-type.application";
		};
/* End PBXNativeTarget section */

/* Begin PBXProject section */
		62F3F961248A7F21001FD4C8 /* Project object */ = {
			isa = PBXProject;
			attributes = {
				LastSwiftUpdateCheck = 1130;
				LastUpgradeCheck = 1130;
				ORGANIZATIONNAME = "Aleksandr Korotaevskiy";
				TargetAttributes = {
					62F3F968248A7F21001FD4C8 = {
						CreatedOnToolsVersion = 11.3.1;
					};
				};
			};
			buildConfigurationList = 62F3F964248A7F21001FD4C8 /* Build configuration list for PBXProject "ExamIOSLocationTracker" */;
			compatibilityVersion = "Xcode 9.3";
			developmentRegion = en;
			hasScannedForEncodings = 0;
			knownRegions = (
				en,
				Base,
			);
			mainGroup = 62F3F960248A7F21001FD4C8;
			productRefGroup = 62F3F96A248A7F21001FD4C8 /* Products */;
			projectDirPath = "";
			projectRoot = "";
			targets = (
				62F3F968248A7F21001FD4C8 /* ExamIOSLocationTracker */,
			);
		};
/* End PBXProject section */

/* Begin PBXResourcesBuildPhase section */
		62F3F967248A7F21001FD4C8 /* Resources */ = {
			isa = PBXResourcesBuildPhase;
			buildActionMask = 2147483647;
			files = (
				62F3F979248A7F23001FD4C8 /* LaunchScreen.storyboard in Resources */,
				62F3F976248A7F23001FD4C8 /* Assets.xcassets in Resources */,
				62F3F974248A7F21001FD4C8 /* Main.storyboard in Resources */,
			);
			runOnlyForDeploymentPostprocessing = 0;
		};
/* End PBXResourcesBuildPhase section */

/* Begin PBXSourcesBuildPhase section */
		62F3F965248A7F21001FD4C8 /* Sources */ = {
			isa = PBXSourcesBuildPhase;
			buildActionMask = 2147483647;
			files = (
				62F3F971248A7F21001FD4C8 /* MapViewController.swift in Sources */,
				62F3F96D248A7F21001FD4C8 /* AppDelegate.swift in Sources */,
				62F3F96F248A7F21001FD4C8 /* SceneDelegate.swift in Sources */,
			);
			runOnlyForDeploymentPostprocessing = 0;
		};
/* End PBXSourcesBuildPhase section */

/* Begin PBXVariantGroup section */
		62F3F972248A7F21001FD4C8 /* Main.storyboard */ = {
			isa = PBXVariantGroup;
			children = (
				62F3F973248A7F21001FD4C8 /* Base */,
			);
			name = Main.storyboard;
			sourceTree = "<group>";
		};
		62F3F977248A7F23001FD4C8 /* LaunchScreen.storyboard */ = {
			isa = PBXVariantGroup;
			children = (
				62F3F978248A7F23001FD4C8 /* Base */,
			);
			name = LaunchScreen.storyboard;
			sourceTree = "<group>";
		};
/* End PBXVariantGroup section */

/* Begin XCBuildConfiguration section */
		62F3F97B248A7F23001FD4C8 /* Debug */ = {
			isa = XCBuildConfiguration;
			buildSettings = {
				ALWAYS_SEARCH_USER_PATHS = NO;
				CLANG_ANALYZER_NONNULL = YES;
				CLANG_ANALYZER_NUMBER_OBJECT_CONVERSION = YES_AGGRESSIVE;
				CLANG_CXX_LANGUAGE_STANDARD = "gnu++14";
				CLANG_CXX_LIBRARY = "libc++";
				CLANG_ENABLE_MODULES = YES;
				CLANG_ENABLE_OBJC_ARC = YES;
				CLANG_ENABLE_OBJC_WEAK = YES;
				CLANG_WARN_BLOCK_CAPTURE_AUTORELEASING = YES;
				CLANG_WARN_BOOL_CONVERSION = YES;
				CLANG_WARN_COMMA = YES;
				CLANG_WARN_CONSTANT_CONVERSION = YES;
				CLANG_WARN_DEPRECATED_OBJC_IMPLEMENTATIONS = YES;
				CLANG_WARN_DIRECT_OBJC_ISA_USAGE = YES_ERROR;
				CLANG_WARN_DOCUMENTATION_COMMENTS = YES;
				CLANG_WARN_EMPTY_BODY = YES;
				CLANG_WARN_ENUM_CONVERSION = YES;
				CLANG_WARN_INFINITE_RECURSION = YES;
				CLANG_WARN_INT_CONVERSION = YES;
				CLANG_WARN_NON_LITERAL_NULL_CONVERSION = YES;
				CLANG_WARN_OBJC_IMPLICIT_RETAIN_SELF = YES;
				CLANG_WARN_OBJC_LITERAL_CONVERSION = YES;
				CLANG_WARN_OBJC_ROOT_CLASS = YES_ERROR;
				CLANG_WARN_RANGE_LOOP_ANALYSIS = YES;
				CLANG_WARN_STRICT_PROTOTYPES = YES;
				CLANG_WARN_SUSPICIOUS_MOVE = YES;
				CLANG_WARN_UNGUARDED_AVAILABILITY = YES_AGGRESSIVE;
				CLANG_WARN_UNREACHABLE_CODE = YES;
				CLANG_WARN__DUPLICATE_METHOD_MATCH = YES;
				COPY_PHASE_STRIP = NO;
				DEBUG_INFORMATION_FORMAT = dwarf;
				ENABLE_STRICT_OBJC_MSGSEND = YES;
				ENABLE_TESTABILITY = YES;
				GCC_C_LANGUAGE_STANDARD = gnu11;
				GCC_DYNAMIC_NO_PIC = NO;
				GCC_NO_COMMON_BLOCKS = YES;
				GCC_OPTIMIZATION_LEVEL = 0;
				GCC_PREPROCESSOR_DEFINITIONS = (
					"DEBUG=1",
					"$(inherited)",
				);
				GCC_WARN_64_TO_32_BIT_CONVERSION = YES;
				GCC_WARN_ABOUT_RETURN_TYPE = YES_ERROR;
				GCC_WARN_UNDECLARED_SELECTOR = YES;
				GCC_WARN_UNINITIALIZED_AUTOS = YES_AGGRESSIVE;
				GCC_WARN_UNUSED_FUNCTION = YES;
				GCC_WARN_UNUSED_VARIABLE = YES;
				IPHONEOS_DEPLOYMENT_TARGET = 13.2;
				MTL_ENABLE_DEBUG_INFO = INCLUDE_SOURCE;
				MTL_FAST_MATH = YES;
				ONLY_ACTIVE_ARCH = YES;
				SDKROOT = iphoneos;
				SWIFT_ACTIVE_COMPILATION_CONDITIONS = DEBUG;
				SWIFT_OPTIMIZATION_LEVEL = "-Onone";
			};
			name = Debug;
		};
		62F3F97C248A7F23001FD4C8 /* Release */ = {
			isa = XCBuildConfiguration;
			buildSettings = {
				ALWAYS_SEARCH_USER_PATHS = NO;
				CLANG_ANALYZER_NONNULL = YES;
				CLANG_ANALYZER_NUMBER_OBJECT_CONVERSION = YES_AGGRESSIVE;
				CLANG_CXX_LANGUAGE_STANDARD = "gnu++14";
				CLANG_CXX_LIBRARY = "libc++";
				CLANG_ENABLE_MODULES = YES;
				CLANG_ENABLE_OBJC_ARC = YES;
				CLANG_ENABLE_OBJC_WEAK = YES;
				CLANG_WARN_BLOCK_CAPTURE_AUTORELEASING = YES;
				CLANG_WARN_BOOL_CONVERSION = YES;
				CLANG_WARN_COMMA = YES;
				CLANG_WARN_CONSTANT_CONVERSION = YES;
				CLANG_WARN_DEPRECATED_OBJC_IMPLEMENTATIONS = YES;
				CLANG_WARN_DIRECT_OBJC_ISA_USAGE = YES_ERROR;
				CLANG_WARN_DOCUMENTATION_COMMENTS = YES;
				CLANG_WARN_EMPTY_BODY = YES;
				CLANG_WARN_ENUM_CONVERSION = YES;
				CLANG_WARN_INFINITE_RECURSION = YES;
				CLANG_WARN_INT_CONVERSION = YES;
				CLANG_WARN_NON_LITERAL_NULL_CONVERSION = YES;
				CLANG_WARN_OBJC_IMPLICIT_RETAIN_SELF = YES;
				CLANG_WARN_OBJC_LITERAL_CONVERSION = YES;
				CLANG_WARN_OBJC_ROOT_CLASS = YES_ERROR;
				CLANG_WARN_RANGE_LOOP_ANALYSIS = YES;
				CLANG_WARN_STRICT_PROTOTYPES = YES;
				CLANG_WARN_SUSPICIOUS_MOVE = YES;
				CLANG_WARN_UNGUARDED_AVAILABILITY = YES_AGGRESSIVE;
				CLANG_WARN_UNREACHABLE_CODE = YES;
				CLANG_WARN__DUPLICATE_METHOD_MATCH = YES;
				COPY_PHASE_STRIP = NO;
				DEBUG_INFORMATION_FORMAT = "dwarf-with-dsym";
				ENABLE_NS_ASSERTIONS = NO;
				ENABLE_STRICT_OBJC_MSGSEND = YES;
				GCC_C_LANGUAGE_STANDARD = gnu11;
				GCC_NO_COMMON_BLOCKS = YES;
				GCC_WARN_64_TO_32_BIT_CONVERSION = YES;
				GCC_WARN_ABOUT_RETURN_TYPE = YES_ERROR;
				GCC_WARN_UNDECLARED_SELECTOR = YES;
				GCC_WARN_UNINITIALIZED_AUTOS = YES_AGGRESSIVE;
				GCC_WARN_UNUSED_FUNCTION = YES;
				GCC_WARN_UNUSED_VARIABLE = YES;
				IPHONEOS_DEPLOYMENT_TARGET = 13.2;
				MTL_ENABLE_DEBUG_INFO = NO;
				MTL_FAST_MATH = YES;
				SDKROOT = iphoneos;
				SWIFT_COMPILATION_MODE = wholemodule;
				SWIFT_OPTIMIZATION_LEVEL = "-O";
				VALIDATE_PRODUCT = YES;
			};
			name = Release;
		};
		62F3F97E248A7F23001FD4C8 /* Debug */ = {
			isa = XCBuildConfiguration;
			buildSettings = {
				ASSETCATALOG_COMPILER_APPICON_NAME = AppIcon;
				CODE_SIGN_STYLE = Automatic;
				INFOPLIST_FILE = ExamIOSLocationTracker/Info.plist;
				LD_RUNPATH_SEARCH_PATHS = (
					"$(inherited)",
					"@executable_path/Frameworks",
				);
				PRODUCT_BUNDLE_IDENTIFIER = com.korotas.ExamIOSLocationTracker;
				PRODUCT_NAME = "$(TARGET_NAME)";
				SWIFT_VERSION = 5.0;
				TARGETED_DEVICE_FAMILY = "1,2";
			};
			name = Debug;
		};
		62F3F97F248A7F23001FD4C8 /* Release */ = {
			isa = XCBuildConfiguration;
			buildSettings = {
				ASSETCATALOG_COMPILER_APPICON_NAME = AppIcon;
				CODE_SIGN_STYLE = Automatic;
				INFOPLIST_FILE = ExamIOSLocationTracker/Info.plist;
				LD_RUNPATH_SEARCH_PATHS = (
					"$(inherited)",
					"@executable_path/Frameworks",
				);
				PRODUCT_BUNDLE_IDENTIFIER = com.korotas.ExamIOSLocationTracker;
				PRODUCT_NAME = "$(TARGET_NAME)";
				SWIFT_VERSION = 5.0;
				TARGETED_DEVICE_FAMILY = "1,2";
			};
			name = Release;
		};
/* End XCBuildConfiguration section */

/* Begin XCConfigurationList section */
		62F3F964248A7F21001FD4C8 /* Build configuration list for PBXProject "ExamIOSLocationTracker" */ = {
			isa = XCConfigurationList;
			buildConfigurations = (
				62F3F97B248A7F23001FD4C8 /* Debug */,
				62F3F97C248A7F23001FD4C8 /* Release */,
			);
			defaultConfigurationIsVisible = 0;
			defaultConfigurationName = Release;
		};
		62F3F97D248A7F23001FD4C8 /* Build configuration list for PBXNativeTarget "ExamIOSLocationTracker" */ = {
			isa = XCConfigurationList;
			buildConfigurations = (
				62F3F97E248A7F23001FD4C8 /* Debug */,
				62F3F97F248A7F23001FD4C8 /* Release */,
			);
			defaultConfigurationIsVisible = 0;
			defaultConfigurationName = Release;
		};
/* End XCConfigurationList section */
	};
	rootObject = 62F3F961248A7F21001FD4C8 /* Project object */;
}
